lockfileVersion: '6.0'

settings:
  autoInstallPeers: true
  excludeLinksFromLockfile: false

dependencies:
  smtp-server:
    specifier: ^3.13.0
    version: 3.13.0

packages:

  /base32.js@0.1.0:
    resolution: {integrity: sha512-n3TkB02ixgBOhTvANakDb4xaMXnYUVkNoRFJjQflcqMQhyEKxEHdj3E6N8t8sUQ0mjH/3/JxzlXuz3ul/J90pQ==}
    engines: {node: '>=0.12.0'}
    dev: false

  /ipv6-normalize@1.0.1:
    resolution: {integrity: sha512-Bm6H79i01DjgGTCWjUuCjJ6QDo1HB96PT/xCYuyJUP9WFbVDrLSbG4EZCvOCun2rNswZb0c3e4Jt/ws795esHA==}
    dev: false

  /nodemailer@6.9.4:
    resolution: {integrity: sha512-CXjQvrQZV4+6X5wP6ZIgdehJamI63MFoYFGGPtHudWym9qaEHDNdPzaj5bfMCvxG1vhAileSWW90q7nL0N36mA==}
    engines: {node: '>=6.0.0'}
    dev: false

  /smtp-server@3.13.0:
    resolution: {integrity: sha512-thVFqpwrHIJ25rXjXA6RYFUO35el2O+X7WJ006qMVAyFs5Ss6XGPJASg7Fh1QvT28ADIv9hGGXmgR+kaSEikwQ==}
    engines: {node: '>=12.0.0'}
    dependencies:
      base32.js: 0.1.0
      ipv6-normalize: 1.0.1
      nodemailer: 6.9.4
    dev: false
